PODS:
  - Alamofire (5.6.2)
  - Kingfisher (7.3.2)
  - SDWebImage (5.13.2):
    - SDWebImage/Core (= 5.13.2)
  - SDWebImage/Core (5.13.2)

DEPENDENCIES:
  - Alamofire
  - Kingfisher
  - SDWebImage

SPEC REPOS:
  trunk:
    - Alamofire
    - Kingfisher
    - SDWebImage

SPEC CHECKSUMS:
  Alamofire: d368e1ff8a298e6dde360e35a3e68e6c610e7204
  Kingfisher: 0086ad83719761ba9b2cdaf6ef4d5b4878cbae23
  SDWebImage: 72f86271a6f3139cc7e4a89220946489d4b9a866

PODFILE CHECKSUM: 8f6680c9ba4bd43733190f92a3f9fdd5d8180556

COCOAPODS: 1.11.3
