// !$*UTF8*$!
{
	archiveVersion = 1;
	classes = {
	};
	objectVersion = 55;
	objects = {

/* Begin PBXBuildFile section */
		5326A77F28C8A3E100700575 /* FavoriteTracksPlayerController.storyboard in Resources */ = {isa = PBXBuildFile; fileRef = 5326A77D28C8A3E100700575 /* FavoriteTracksPlayerController.storyboard */; };
		5326A78028C8A3E100700575 /* FavoriteTracksPlayerViewController.swift in Sources */ = {isa = PBXBuildFile; fileRef = 5326A77E28C8A3E100700575 /* FavoriteTracksPlayerViewController.swift */; };
		5326A78628C8A8AB00700575 /* MusicPlayerController.storyboard in Resources */ = {isa = PBXBuildFile; fileRef = 5326A78428C8A8AB00700575 /* MusicPlayerController.storyboard */; };
		5326A78728C8A8AB00700575 /* MusicPlayerViewController.swift in Sources */ = {isa = PBXBuildFile; fileRef = 5326A78528C8A8AB00700575 /* MusicPlayerViewController.swift */; };
		53553AA328C21533003B37B3 /* timeSetup.swift in Sources */ = {isa = PBXBuildFile; fileRef = 53553AA128C21533003B37B3 /* timeSetup.swift */; };
		53553AA428C21533003B37B3 /* myStructs.swift in Sources */ = {isa = PBXBuildFile; fileRef = 53553AA228C21533003B37B3 /* myStructs.swift */; };
		53553AA728C2153E003B37B3 /* Network.swift in Sources */ = {isa = PBXBuildFile; fileRef = 53553AA628C2153E003B37B3 /* Network.swift */; };
		53553AB028C2155D003B37B3 /* SearchViewController.swift in Sources */ = {isa = PBXBuildFile; fileRef = 53553AA928C2155D003B37B3 /* SearchViewController.swift */; };
		53553AB128C2155D003B37B3 /* SearchViewController.storyboard in Resources */ = {isa = PBXBuildFile; fileRef = 53553AAA28C2155D003B37B3 /* SearchViewController.storyboard */; };
		53553AB228C2155D003B37B3 /* SearchInteractor.swift in Sources */ = {isa = PBXBuildFile; fileRef = 53553AAB28C2155D003B37B3 /* SearchInteractor.swift */; };
		53553AB328C2155D003B37B3 /* SearchPresenter.swift in Sources */ = {isa = PBXBuildFile; fileRef = 53553AAC28C2155D003B37B3 /* SearchPresenter.swift */; };
		53553AB428C2155D003B37B3 /* SearchModels.swift in Sources */ = {isa = PBXBuildFile; fileRef = 53553AAD28C2155D003B37B3 /* SearchModels.swift */; };
		53553AB528C2155D003B37B3 /* SearchWorker.swift in Sources */ = {isa = PBXBuildFile; fileRef = 53553AAE28C2155D003B37B3 /* SearchWorker.swift */; };
		53553AB628C2155D003B37B3 /* SearchRouter.swift in Sources */ = {isa = PBXBuildFile; fileRef = 53553AAF28C2155D003B37B3 /* SearchRouter.swift */; };
		53553ABA28C2156D003B37B3 /* FavoriteTracksViewController.swift in Sources */ = {isa = PBXBuildFile; fileRef = 53553AB828C2156D003B37B3 /* FavoriteTracksViewController.swift */; };
		53553ABB28C2156D003B37B3 /* FavoriteTracksViewController.storyboard in Resources */ = {isa = PBXBuildFile; fileRef = 53553AB928C2156D003B37B3 /* FavoriteTracksViewController.storyboard */; };
		53553ABF28C21577003B37B3 /* TrackCell.swift in Sources */ = {isa = PBXBuildFile; fileRef = 53553ABD28C21577003B37B3 /* TrackCell.swift */; };
		53553AC028C21577003B37B3 /* TrackCell.xib in Resources */ = {isa = PBXBuildFile; fileRef = 53553ABE28C21577003B37B3 /* TrackCell.xib */; };
		53553AC428C2157E003B37B3 /* FavoriteTracks+CoreDataClass.swift in Sources */ = {isa = PBXBuildFile; fileRef = 53553AC228C2157E003B37B3 /* FavoriteTracks+CoreDataClass.swift */; };
		53553AC528C2157E003B37B3 /* FavoriteTracks+CoreDataProperties.swift in Sources */ = {isa = PBXBuildFile; fileRef = 53553AC328C2157E003B37B3 /* FavoriteTracks+CoreDataProperties.swift */; };
		53553ACB28C2170B003B37B3 /* FavoriteTracks.xcdatamodeld in Sources */ = {isa = PBXBuildFile; fileRef = 53553AC928C2170B003B37B3 /* FavoriteTracks.xcdatamodeld */; };
		53961C66289B8C980091B7A7 /* AppDelegate.swift in Sources */ = {isa = PBXBuildFile; fileRef = 53961C65289B8C980091B7A7 /* AppDelegate.swift */; };
		53961C68289B8C980091B7A7 /* SceneDelegate.swift in Sources */ = {isa = PBXBuildFile; fileRef = 53961C67289B8C980091B7A7 /* SceneDelegate.swift */; };
		53961C6D289B8C980091B7A7 /* Main.storyboard in Resources */ = {isa = PBXBuildFile; fileRef = 53961C6B289B8C980091B7A7 /* Main.storyboard */; };
		53961C6F289B8C990091B7A7 /* Assets.xcassets in Resources */ = {isa = PBXBuildFile; fileRef = 53961C6E289B8C990091B7A7 /* Assets.xcassets */; };
		53C9954128C72D3C001C192C /* LaunchScreen.storyboard in Resources */ = {isa = PBXBuildFile; fileRef = 53C9954028C72D3C001C192C /* LaunchScreen.storyboard */; };
		74C53165C372AA5A79C6F74A /* Pods_MyFinalSwiftProject.framework in Frameworks */ = {isa = PBXBuildFile; fileRef = B52642ACAEDC736B88C69F12 /* Pods_MyFinalSwiftProject.framework */; };
/* End PBXBuildFile section */

/* Begin PBXFileReference section */
		5326A77D28C8A3E100700575 /* FavoriteTracksPlayerController.storyboard */ = {isa = PBXFileReference; fileEncoding = 4; lastKnownFileType = file.storyboard; path = FavoriteTracksPlayerController.storyboard; sourceTree = "<group>"; };
		5326A77E28C8A3E100700575 /* FavoriteTracksPlayerViewController.swift */ = {isa = PBXFileReference; fileEncoding = 4; lastKnownFileType = sourcecode.swift; path = FavoriteTracksPlayerViewController.swift; sourceTree = "<group>"; };
		5326A78428C8A8AB00700575 /* MusicPlayerController.storyboard */ = {isa = PBXFileReference; fileEncoding = 4; lastKnownFileType = file.storyboard; path = MusicPlayerController.storyboard; sourceTree = "<group>"; };
		5326A78528C8A8AB00700575 /* MusicPlayerViewController.swift */ = {isa = PBXFileReference; fileEncoding = 4; lastKnownFileType = sourcecode.swift; path = MusicPlayerViewController.swift; sourceTree = "<group>"; };
		53553AA128C21533003B37B3 /* timeSetup.swift */ = {isa = PBXFileReference; fileEncoding = 4; lastKnownFileType = sourcecode.swift; path = timeSetup.swift; sourceTree = "<group>"; };
		53553AA228C21533003B37B3 /* myStructs.swift */ = {isa = PBXFileReference; fileEncoding = 4; lastKnownFileType = sourcecode.swift; path = myStructs.swift; sourceTree = "<group>"; };
		53553AA628C2153E003B37B3 /* Network.swift */ = {isa = PBXFileReference; fileEncoding = 4; lastKnownFileType = sourcecode.swift; path = Network.swift; sourceTree = "<group>"; };
		53553AA928C2155D003B37B3 /* SearchViewController.swift */ = {isa = PBXFileReference; fileEncoding = 4; lastKnownFileType = sourcecode.swift; path = SearchViewController.swift; sourceTree = "<group>"; };
		53553AAA28C2155D003B37B3 /* SearchViewController.storyboard */ = {isa = PBXFileReference; fileEncoding = 4; lastKnownFileType = file.storyboard; path = SearchViewController.storyboard; sourceTree = "<group>"; };
		53553AAB28C2155D003B37B3 /* SearchInteractor.swift */ = {isa = PBXFileReference; fileEncoding = 4; lastKnownFileType = sourcecode.swift; path = SearchInteractor.swift; sourceTree = "<group>"; };
		53553AAC28C2155D003B37B3 /* SearchPresenter.swift */ = {isa = PBXFileReference; fileEncoding = 4; lastKnownFileType = sourcecode.swift; path = SearchPresenter.swift; sourceTree = "<group>"; };
		53553AAD28C2155D003B37B3 /* SearchModels.swift */ = {isa = PBXFileReference; fileEncoding = 4; lastKnownFileType = sourcecode.swift; path = SearchModels.swift; sourceTree = "<group>"; };
		53553AAE28C2155D003B37B3 /* SearchWorker.swift */ = {isa = PBXFileReference; fileEncoding = 4; lastKnownFileType = sourcecode.swift; path = SearchWorker.swift; sourceTree = "<group>"; };
		53553AAF28C2155D003B37B3 /* SearchRouter.swift */ = {isa = PBXFileReference; fileEncoding = 4; lastKnownFileType = sourcecode.swift; path = SearchRouter.swift; sourceTree = "<group>"; };
		53553AB828C2156D003B37B3 /* FavoriteTracksViewController.swift */ = {isa = PBXFileReference; fileEncoding = 4; lastKnownFileType = sourcecode.swift; path = FavoriteTracksViewController.swift; sourceTree = "<group>"; };
		53553AB928C2156D003B37B3 /* FavoriteTracksViewController.storyboard */ = {isa = PBXFileReference; fileEncoding = 4; lastKnownFileType = file.storyboard; path = FavoriteTracksViewController.storyboard; sourceTree = "<group>"; };
		53553ABD28C21577003B37B3 /* TrackCell.swift */ = {isa = PBXFileReference; fileEncoding = 4; lastKnownFileType = sourcecode.swift; path = TrackCell.swift; sourceTree = "<group>"; };
		53553ABE28C21577003B37B3 /* TrackCell.xib */ = {isa = PBXFileReference; fileEncoding = 4; lastKnownFileType = file.xib; path = TrackCell.xib; sourceTree = "<group>"; };
		53553AC228C2157E003B37B3 /* FavoriteTracks+CoreDataClass.swift */ = {isa = PBXFileReference; fileEncoding = 4; lastKnownFileType = sourcecode.swift; path = "FavoriteTracks+CoreDataClass.swift"; sourceTree = "<group>"; };
		53553AC328C2157E003B37B3 /* FavoriteTracks+CoreDataProperties.swift */ = {isa = PBXFileReference; fileEncoding = 4; lastKnownFileType = sourcecode.swift; path = "FavoriteTracks+CoreDataProperties.swift"; sourceTree = "<group>"; };
		53553ACA28C2170B003B37B3 /* FavoriteTracks.xcdatamodel */ = {isa = PBXFileReference; lastKnownFileType = wrapper.xcdatamodel; path = FavoriteTracks.xcdatamodel; sourceTree = "<group>"; };
		53961C62289B8C980091B7A7 /* iTunes.app */ = {isa = PBXFileReference; explicitFileType = wrapper.application; includeInIndex = 0; path = iTunes.app; sourceTree = BUILT_PRODUCTS_DIR; };
		53961C65289B8C980091B7A7 /* AppDelegate.swift */ = {isa = PBXFileReference; lastKnownFileType = sourcecode.swift; path = AppDelegate.swift; sourceTree = "<group>"; };
		53961C67289B8C980091B7A7 /* SceneDelegate.swift */ = {isa = PBXFileReference; lastKnownFileType = sourcecode.swift; path = SceneDelegate.swift; sourceTree = "<group>"; };
		53961C6C289B8C980091B7A7 /* Base */ = {isa = PBXFileReference; lastKnownFileType = file.storyboard; name = Base; path = Base.lproj/Main.storyboard; sourceTree = "<group>"; };
		53961C6E289B8C990091B7A7 /* Assets.xcassets */ = {isa = PBXFileReference; lastKnownFileType = folder.assetcatalog; path = Assets.xcassets; sourceTree = "<group>"; };
		53961C73289B8C990091B7A7 /* Info.plist */ = {isa = PBXFileReference; lastKnownFileType = text.plist.xml; path = Info.plist; sourceTree = "<group>"; };
		53C9954028C72D3C001C192C /* LaunchScreen.storyboard */ = {isa = PBXFileReference; fileEncoding = 4; lastKnownFileType = file.storyboard; path = LaunchScreen.storyboard; sourceTree = "<group>"; };
		56265242F4C2269A3735B9B7 /* Pods-MyFinalSwiftProject.release.xcconfig */ = {isa = PBXFileReference; includeInIndex = 1; lastKnownFileType = text.xcconfig; name = "Pods-MyFinalSwiftProject.release.xcconfig"; path = "Target Support Files/Pods-MyFinalSwiftProject/Pods-MyFinalSwiftProject.release.xcconfig"; sourceTree = "<group>"; };
		B0FDFB9235F8F3386611DE6D /* Pods-MyFinalSwiftProject.debug.xcconfig */ = {isa = PBXFileReference; includeInIndex = 1; lastKnownFileType = text.xcconfig; name = "Pods-MyFinalSwiftProject.debug.xcconfig"; path = "Target Support Files/Pods-MyFinalSwiftProject/Pods-MyFinalSwiftProject.debug.xcconfig"; sourceTree = "<group>"; };
		B52642ACAEDC736B88C69F12 /* Pods_MyFinalSwiftProject.framework */ = {isa = PBXFileReference; explicitFileType = wrapper.framework; includeInIndex = 0; path = Pods_MyFinalSwiftProject.framework; sourceTree = BUILT_PRODUCTS_DIR; };
/* End PBXFileReference section */

/* Begin PBXFrameworksBuildPhase section */
		53961C5F289B8C980091B7A7 /* Frameworks */ = {
			isa = PBXFrameworksBuildPhase;
			buildActionMask = 2147483647;
			files = (
				74C53165C372AA5A79C6F74A /* Pods_MyFinalSwiftProject.framework in Frameworks */,
			);
			runOnlyForDeploymentPostprocessing = 0;
		};
/* End PBXFrameworksBuildPhase section */

/* Begin PBXGroup section */
		5326A77C28C8A3E100700575 /* FavoritePlayer */ = {
			isa = PBXGroup;
			children = (
				5326A77E28C8A3E100700575 /* FavoriteTracksPlayerViewController.swift */,
				5326A77D28C8A3E100700575 /* FavoriteTracksPlayerController.storyboard */,
			);
			path = FavoritePlayer;
			sourceTree = "<group>";
		};
		5326A78328C8A8AB00700575 /* ParserPlayer */ = {
			isa = PBXGroup;
			children = (
				5326A78528C8A8AB00700575 /* MusicPlayerViewController.swift */,
				5326A78428C8A8AB00700575 /* MusicPlayerController.storyboard */,
			);
			path = ParserPlayer;
			sourceTree = "<group>";
		};
		53553AA028C21533003B37B3 /* Models */ = {
			isa = PBXGroup;
			children = (
				53553AA228C21533003B37B3 /* myStructs.swift */,
				53553AA128C21533003B37B3 /* timeSetup.swift */,
			);
			path = Models;
			sourceTree = "<group>";
		};
		53553AA528C2153E003B37B3 /* Alamofire */ = {
			isa = PBXGroup;
			children = (
				53553AA628C2153E003B37B3 /* Network.swift */,
			);
			path = Alamofire;
			sourceTree = "<group>";
		};
		53553AA828C2155D003B37B3 /* Search */ = {
			isa = PBXGroup;
			children = (
				53553AAB28C2155D003B37B3 /* SearchInteractor.swift */,
				53553AAD28C2155D003B37B3 /* SearchModels.swift */,
				53553AAC28C2155D003B37B3 /* SearchPresenter.swift */,
				53553AAF28C2155D003B37B3 /* SearchRouter.swift */,
				53553AA928C2155D003B37B3 /* SearchViewController.swift */,
				53553AAA28C2155D003B37B3 /* SearchViewController.storyboard */,
				53553AAE28C2155D003B37B3 /* SearchWorker.swift */,
			);
			path = "\U0010Search";
			sourceTree = "<group>";
		};
		53553AB728C2156D003B37B3 /* FavoriteTracks */ = {
			isa = PBXGroup;
			children = (
				53553AB828C2156D003B37B3 /* FavoriteTracksViewController.swift */,
				53553AB928C2156D003B37B3 /* FavoriteTracksViewController.storyboard */,
			);
			path = FavoriteTracks;
			sourceTree = "<group>";
		};
		53553ABC28C21577003B37B3 /* Cell */ = {
			isa = PBXGroup;
			children = (
				53553ABD28C21577003B37B3 /* TrackCell.swift */,
				53553ABE28C21577003B37B3 /* TrackCell.xib */,
			);
			path = Cell;
			sourceTree = "<group>";
		};
		53553AC128C2157E003B37B3 /* Core Data */ = {
			isa = PBXGroup;
			children = (
				53553AC228C2157E003B37B3 /* FavoriteTracks+CoreDataClass.swift */,
				53553AC328C2157E003B37B3 /* FavoriteTracks+CoreDataProperties.swift */,
			);
			path = "Core Data";
			sourceTree = "<group>";
		};
		53961C59289B8C970091B7A7 = {
			isa = PBXGroup;
			children = (
				53961C64289B8C980091B7A7 /* iTunes */,
				53961C63289B8C980091B7A7 /* Products */,
				B8D7BD9A84E09966D76F98A3 /* Frameworks */,
				5FA303C835C4A1FBA6EF55E3 /* Pods */,
			);
			sourceTree = "<group>";
		};
		53961C63289B8C980091B7A7 /* Products */ = {
			isa = PBXGroup;
			children = (
				53961C62289B8C980091B7A7 /* iTunes.app */,
			);
			name = Products;
			sourceTree = "<group>";
		};
		53961C64289B8C980091B7A7 /* iTunes */ = {
			isa = PBXGroup;
			children = (
				53553AA528C2153E003B37B3 /* Alamofire */,
				53553ABC28C21577003B37B3 /* Cell */,
				53553AC128C2157E003B37B3 /* Core Data */,
				5326A77C28C8A3E100700575 /* FavoritePlayer */,
				53553AB728C2156D003B37B3 /* FavoriteTracks */,
				53553AA028C21533003B37B3 /* Models */,
				5326A78328C8A8AB00700575 /* ParserPlayer */,
				53553AA828C2155D003B37B3 /* Search */,
				53961C65289B8C980091B7A7 /* AppDelegate.swift */,
				53961C67289B8C980091B7A7 /* SceneDelegate.swift */,
				53C9954028C72D3C001C192C /* LaunchScreen.storyboard */,
				53961C6B289B8C980091B7A7 /* Main.storyboard */,
				53553AC928C2170B003B37B3 /* FavoriteTracks.xcdatamodeld */,
				53961C6E289B8C990091B7A7 /* Assets.xcassets */,
				53961C73289B8C990091B7A7 /* Info.plist */,
			);
			path = iTunes;
			sourceTree = "<group>";
		};
		5FA303C835C4A1FBA6EF55E3 /* Pods */ = {
			isa = PBXGroup;
			children = (
				B0FDFB9235F8F3386611DE6D /* Pods-MyFinalSwiftProject.debug.xcconfig */,
				56265242F4C2269A3735B9B7 /* Pods-MyFinalSwiftProject.release.xcconfig */,
			);
			path = Pods;
			sourceTree = "<group>";
		};
		B8D7BD9A84E09966D76F98A3 /* Frameworks */ = {
			isa = PBXGroup;
			children = (
				B52642ACAEDC736B88C69F12 /* Pods_MyFinalSwiftProject.framework */,
			);
			name = Frameworks;
			sourceTree = "<group>";
		};
/* End PBXGroup section */

/* Begin PBXNativeTarget section */
		53961C61289B8C980091B7A7 /* iTunes */ = {
			isa = PBXNativeTarget;
			buildConfigurationList = 53961C76289B8C990091B7A7 /* Build configuration list for PBXNativeTarget "iTunes" */;
			buildPhases = (
				816CE2854FE411E6A7E912BD /* [CP] Check Pods Manifest.lock */,
				53961C5E289B8C980091B7A7 /* Sources */,
				53961C5F289B8C980091B7A7 /* Frameworks */,
				53961C60289B8C980091B7A7 /* Resources */,
				F1E4154B10113CBED530599D /* [CP] Embed Pods Frameworks */,
			);
			buildRules = (
			);
			dependencies = (
			);
			name = iTunes;
			productName = MyFinalSwiftProject;
			productReference = 53961C62289B8C980091B7A7 /* iTunes.app */;
			productType = "com.apple.product-type.application";
		};
/* End PBXNativeTarget section */

/* Begin PBXProject section */
		53961C5A289B8C970091B7A7 /* Project object */ = {
			isa = PBXProject;
			attributes = {
				BuildIndependentTargetsInParallel = 1;
				LastSwiftUpdateCheck = 1340;
				LastUpgradeCheck = 1340;
				TargetAttributes = {
					53961C61289B8C980091B7A7 = {
						CreatedOnToolsVersion = 13.4.1;
					};
				};
			};
			buildConfigurationList = 53961C5D289B8C970091B7A7 /* Build configuration list for PBXProject "iTunes" */;
			compatibilityVersion = "Xcode 13.0";
			developmentRegion = en;
			hasScannedForEncodings = 0;
			knownRegions = (
				en,
				Base,
			);
			mainGroup = 53961C59289B8C970091B7A7;
			productRefGroup = 53961C63289B8C980091B7A7 /* Products */;
			projectDirPath = "";
			projectRoot = "";
			targets = (
				53961C61289B8C980091B7A7 /* iTunes */,
			);
		};
/* End PBXProject section */

/* Begin PBXResourcesBuildPhase section */
		53961C60289B8C980091B7A7 /* Resources */ = {
			isa = PBXResourcesBuildPhase;
			buildActionMask = 2147483647;
			files = (
				53961C6F289B8C990091B7A7 /* Assets.xcassets in Resources */,
				53553AC028C21577003B37B3 /* TrackCell.xib in Resources */,
				5326A78628C8A8AB00700575 /* MusicPlayerController.storyboard in Resources */,
				53553ABB28C2156D003B37B3 /* FavoriteTracksViewController.storyboard in Resources */,
				53C9954128C72D3C001C192C /* LaunchScreen.storyboard in Resources */,
				53961C6D289B8C980091B7A7 /* Main.storyboard in Resources */,
				5326A77F28C8A3E100700575 /* FavoriteTracksPlayerController.storyboard in Resources */,
				53553AB128C2155D003B37B3 /* SearchViewController.storyboard in Resources */,
			);
			runOnlyForDeploymentPostprocessing = 0;
		};
/* End PBXResourcesBuildPhase section */

/* Begin PBXShellScriptBuildPhase section */
		816CE2854FE411E6A7E912BD /* [CP] Check Pods Manifest.lock */ = {
			isa = PBXShellScriptBuildPhase;
			buildActionMask = 2147483647;
			files = (
			);
			inputFileListPaths = (
			);
			inputPaths = (
				"${PODS_PODFILE_DIR_PATH}/Podfile.lock",
				"${PODS_ROOT}/Manifest.lock",
			);
			name = "[CP] Check Pods Manifest.lock";
			outputFileListPaths = (
			);
			outputPaths = (
				"$(DERIVED_FILE_DIR)/Pods-MyFinalSwiftProject-checkManifestLockResult.txt",
			);
			runOnlyForDeploymentPostprocessing = 0;
			shellPath = /bin/sh;
			shellScript = "diff \"${PODS_PODFILE_DIR_PATH}/Podfile.lock\" \"${PODS_ROOT}/Manifest.lock\" > /dev/null\nif [ $? != 0 ] ; then\n    # print error to STDERR\n    echo \"error: The sandbox is not in sync with the Podfile.lock. Run 'pod install' or update your CocoaPods installation.\" >&2\n    exit 1\nfi\n# This output is used by Xcode 'outputs' to avoid re-running this script phase.\necho \"SUCCESS\" > \"${SCRIPT_OUTPUT_FILE_0}\"\n";
			showEnvVarsInLog = 0;
		};
		F1E4154B10113CBED530599D /* [CP] Embed Pods Frameworks */ = {
			isa = PBXShellScriptBuildPhase;
			buildActionMask = 2147483647;
			files = (
			);
			inputFileListPaths = (
				"${PODS_ROOT}/Target Support Files/Pods-MyFinalSwiftProject/Pods-MyFinalSwiftProject-frameworks-${CONFIGURATION}-input-files.xcfilelist",
			);
			name = "[CP] Embed Pods Frameworks";
			outputFileListPaths = (
				"${PODS_ROOT}/Target Support Files/Pods-MyFinalSwiftProject/Pods-MyFinalSwiftProject-frameworks-${CONFIGURATION}-output-files.xcfilelist",
			);
			runOnlyForDeploymentPostprocessing = 0;
			shellPath = /bin/sh;
			shellScript = "\"${PODS_ROOT}/Target Support Files/Pods-MyFinalSwiftProject/Pods-MyFinalSwiftProject-frameworks.sh\"\n";
			showEnvVarsInLog = 0;
		};
/* End PBXShellScriptBuildPhase section */

/* Begin PBXSourcesBuildPhase section */
		53961C5E289B8C980091B7A7 /* Sources */ = {
			isa = PBXSourcesBuildPhase;
			buildActionMask = 2147483647;
			files = (
				53553ACB28C2170B003B37B3 /* FavoriteTracks.xcdatamodeld in Sources */,
				53553ABA28C2156D003B37B3 /* FavoriteTracksViewController.swift in Sources */,
				53553AB028C2155D003B37B3 /* SearchViewController.swift in Sources */,
				53553AB528C2155D003B37B3 /* SearchWorker.swift in Sources */,
				53553AB628C2155D003B37B3 /* SearchRouter.swift in Sources */,
				53553AA728C2153E003B37B3 /* Network.swift in Sources */,
				53553AB428C2155D003B37B3 /* SearchModels.swift in Sources */,
				5326A78728C8A8AB00700575 /* MusicPlayerViewController.swift in Sources */,
				53553AA428C21533003B37B3 /* myStructs.swift in Sources */,
				53553ABF28C21577003B37B3 /* TrackCell.swift in Sources */,
				53553AA328C21533003B37B3 /* timeSetup.swift in Sources */,
				53961C66289B8C980091B7A7 /* AppDelegate.swift in Sources */,
				53553AC528C2157E003B37B3 /* FavoriteTracks+CoreDataProperties.swift in Sources */,
				53961C68289B8C980091B7A7 /* SceneDelegate.swift in Sources */,
				53553AC428C2157E003B37B3 /* FavoriteTracks+CoreDataClass.swift in Sources */,
				53553AB328C2155D003B37B3 /* SearchPresenter.swift in Sources */,
				53553AB228C2155D003B37B3 /* SearchInteractor.swift in Sources */,
				5326A78028C8A3E100700575 /* FavoriteTracksPlayerViewController.swift in Sources */,
			);
			runOnlyForDeploymentPostprocessing = 0;
		};
/* End PBXSourcesBuildPhase section */

/* Begin PBXVariantGroup section */
		53961C6B289B8C980091B7A7 /* Main.storyboard */ = {
			isa = PBXVariantGroup;
			children = (
				53961C6C289B8C980091B7A7 /* Base */,
			);
			name = Main.storyboard;
			sourceTree = "<group>";
		};
/* End PBXVariantGroup section */

/* Begin XCBuildConfiguration section */
		53961C74289B8C990091B7A7 /* Debug */ = {
			isa = XCBuildConfiguration;
			buildSettings = {
				ALWAYS_SEARCH_USER_PATHS = NO;
				CLANG_ANALYZER_NONNULL = YES;
				CLANG_ANALYZER_NUMBER_OBJECT_CONVERSION = YES_AGGRESSIVE;
				CLANG_CXX_LANGUAGE_STANDARD = "gnu++17";
				CLANG_ENABLE_MODULES = YES;
				CLANG_ENABLE_OBJC_ARC = YES;
				CLANG_ENABLE_OBJC_WEAK = YES;
				CLANG_WARN_BLOCK_CAPTURE_AUTORELEASING = YES;
				CLANG_WARN_BOOL_CONVERSION = YES;
				CLANG_WARN_COMMA = YES;
				CLANG_WARN_CONSTANT_CONVERSION = YES;
				CLANG_WARN_DEPRECATED_OBJC_IMPLEMENTATIONS = YES;
				CLANG_WARN_DIRECT_OBJC_ISA_USAGE = YES_ERROR;
				CLANG_WARN_DOCUMENTATION_COMMENTS = YES;
				CLANG_WARN_EMPTY_BODY = YES;
				CLANG_WARN_ENUM_CONVERSION = YES;
				CLANG_WARN_INFINITE_RECURSION = YES;
				CLANG_WARN_INT_CONVERSION = YES;
				CLANG_WARN_NON_LITERAL_NULL_CONVERSION = YES;
				CLANG_WARN_OBJC_IMPLICIT_RETAIN_SELF = YES;
				CLANG_WARN_OBJC_LITERAL_CONVERSION = YES;
				CLANG_WARN_OBJC_ROOT_CLASS = YES_ERROR;
				CLANG_WARN_QUOTED_INCLUDE_IN_FRAMEWORK_HEADER = YES;
				CLANG_WARN_RANGE_LOOP_ANALYSIS = YES;
				CLANG_WARN_STRICT_PROTOTYPES = YES;
				CLANG_WARN_SUSPICIOUS_MOVE = YES;
				CLANG_WARN_UNGUARDED_AVAILABILITY = YES_AGGRESSIVE;
				CLANG_WARN_UNREACHABLE_CODE = YES;
				CLANG_WARN__DUPLICATE_METHOD_MATCH = YES;
				COPY_PHASE_STRIP = NO;
				DEBUG_INFORMATION_FORMAT = dwarf;
				ENABLE_STRICT_OBJC_MSGSEND = YES;
				ENABLE_TESTABILITY = YES;
				GCC_C_LANGUAGE_STANDARD = gnu11;
				GCC_DYNAMIC_NO_PIC = NO;
				GCC_NO_COMMON_BLOCKS = YES;
				GCC_OPTIMIZATION_LEVEL = 0;
				GCC_PREPROCESSOR_DEFINITIONS = (
					"DEBUG=1",
					"$(inherited)",
				);
				GCC_WARN_64_TO_32_BIT_CONVERSION = YES;
				GCC_WARN_ABOUT_RETURN_TYPE = YES_ERROR;
				GCC_WARN_UNDECLARED_SELECTOR = YES;
				GCC_WARN_UNINITIALIZED_AUTOS = YES_AGGRESSIVE;
				GCC_WARN_UNUSED_FUNCTION = YES;
				GCC_WARN_UNUSED_VARIABLE = YES;
				IPHONEOS_DEPLOYMENT_TARGET = 15.5;
				MTL_ENABLE_DEBUG_INFO = INCLUDE_SOURCE;
				MTL_FAST_MATH = YES;
				ONLY_ACTIVE_ARCH = YES;
				SDKROOT = iphoneos;
				SWIFT_ACTIVE_COMPILATION_CONDITIONS = DEBUG;
				SWIFT_OPTIMIZATION_LEVEL = "-Onone";
			};
			name = Debug;
		};
		53961C75289B8C990091B7A7 /* Release */ = {
			isa = XCBuildConfiguration;
			buildSettings = {
				ALWAYS_SEARCH_USER_PATHS = NO;
				CLANG_ANALYZER_NONNULL = YES;
				CLANG_ANALYZER_NUMBER_OBJECT_CONVERSION = YES_AGGRESSIVE;
				CLANG_CXX_LANGUAGE_STANDARD = "gnu++17";
				CLANG_ENABLE_MODULES = YES;
				CLANG_ENABLE_OBJC_ARC = YES;
				CLANG_ENABLE_OBJC_WEAK = YES;
				CLANG_WARN_BLOCK_CAPTURE_AUTORELEASING = YES;
				CLANG_WARN_BOOL_CONVERSION = YES;
				CLANG_WARN_COMMA = YES;
				CLANG_WARN_CONSTANT_CONVERSION = YES;
				CLANG_WARN_DEPRECATED_OBJC_IMPLEMENTATIONS = YES;
				CLANG_WARN_DIRECT_OBJC_ISA_USAGE = YES_ERROR;
				CLANG_WARN_DOCUMENTATION_COMMENTS = YES;
				CLANG_WARN_EMPTY_BODY = YES;
				CLANG_WARN_ENUM_CONVERSION = YES;
				CLANG_WARN_INFINITE_RECURSION = YES;
				CLANG_WARN_INT_CONVERSION = YES;
				CLANG_WARN_NON_LITERAL_NULL_CONVERSION = YES;
				CLANG_WARN_OBJC_IMPLICIT_RETAIN_SELF = YES;
				CLANG_WARN_OBJC_LITERAL_CONVERSION = YES;
				CLANG_WARN_OBJC_ROOT_CLASS = YES_ERROR;
				CLANG_WARN_QUOTED_INCLUDE_IN_FRAMEWORK_HEADER = YES;
				CLANG_WARN_RANGE_LOOP_ANALYSIS = YES;
				CLANG_WARN_STRICT_PROTOTYPES = YES;
				CLANG_WARN_SUSPICIOUS_MOVE = YES;
				CLANG_WARN_UNGUARDED_AVAILABILITY = YES_AGGRESSIVE;
				CLANG_WARN_UNREACHABLE_CODE = YES;
				CLANG_WARN__DUPLICATE_METHOD_MATCH = YES;
				COPY_PHASE_STRIP = NO;
				DEBUG_INFORMATION_FORMAT = "dwarf-with-dsym";
				ENABLE_NS_ASSERTIONS = NO;
				ENABLE_STRICT_OBJC_MSGSEND = YES;
				GCC_C_LANGUAGE_STANDARD = gnu11;
				GCC_NO_COMMON_BLOCKS = YES;
				GCC_WARN_64_TO_32_BIT_CONVERSION = YES;
				GCC_WARN_ABOUT_RETURN_TYPE = YES_ERROR;
				GCC_WARN_UNDECLARED_SELECTOR = YES;
				GCC_WARN_UNINITIALIZED_AUTOS = YES_AGGRESSIVE;
				GCC_WARN_UNUSED_FUNCTION = YES;
				GCC_WARN_UNUSED_VARIABLE = YES;
				IPHONEOS_DEPLOYMENT_TARGET = 15.5;
				MTL_ENABLE_DEBUG_INFO = NO;
				MTL_FAST_MATH = YES;
				SDKROOT = iphoneos;
				SWIFT_COMPILATION_MODE = wholemodule;
				SWIFT_OPTIMIZATION_LEVEL = "-O";
				VALIDATE_PRODUCT = YES;
			};
			name = Release;
		};
		53961C77289B8C990091B7A7 /* Debug */ = {
			isa = XCBuildConfiguration;
			baseConfigurationReference = B0FDFB9235F8F3386611DE6D /* Pods-MyFinalSwiftProject.debug.xcconfig */;
			buildSettings = {
				ASSETCATALOG_COMPILER_APPICON_NAME = AppIcon;
				ASSETCATALOG_COMPILER_GLOBAL_ACCENT_COLOR_NAME = AccentColor;
				CODE_SIGN_STYLE = Automatic;
				CURRENT_PROJECT_VERSION = 1;
				DEVELOPMENT_TEAM = LA7JHQGX5M;
				GENERATE_INFOPLIST_FILE = YES;
				INFOPLIST_FILE = iTunes/Info.plist;
				INFOPLIST_KEY_CFBundleDisplayName = iTunes;
				INFOPLIST_KEY_UIApplicationSupportsIndirectInputEvents = YES;
				INFOPLIST_KEY_UILaunchStoryboardName = LaunchScreen;
				INFOPLIST_KEY_UIMainStoryboardFile = Main;
				INFOPLIST_KEY_UISupportedInterfaceOrientations = "";
				INFOPLIST_KEY_UISupportedInterfaceOrientations_iPad = "UIInterfaceOrientationPortrait UIInterfaceOrientationPortraitUpsideDown UIInterfaceOrientationLandscapeLeft UIInterfaceOrientationLandscapeRight";
				INFOPLIST_KEY_UISupportedInterfaceOrientations_iPhone = "UIInterfaceOrientationPortrait UIInterfaceOrientationLandscapeLeft UIInterfaceOrientationLandscapeRight";
				LD_RUNPATH_SEARCH_PATHS = (
					"$(inherited)",
					"@executable_path/Frameworks",
				);
				MARKETING_VERSION = 1.0;
				PRODUCT_BUNDLE_IDENTIFIER = com.vironit.Satsukevich.MyFinalSwiftProject;
				PRODUCT_NAME = "$(TARGET_NAME)";
				SWIFT_EMIT_LOC_STRINGS = YES;
				SWIFT_VERSION = 5.0;
				TARGETED_DEVICE_FAMILY = 1;
			};
			name = Debug;
		};
		53961C78289B8C990091B7A7 /* Release */ = {
			isa = XCBuildConfiguration;
			baseConfigurationReference = 56265242F4C2269A3735B9B7 /* Pods-MyFinalSwiftProject.release.xcconfig */;
			buildSettings = {
				ASSETCATALOG_COMPILER_APPICON_NAME = AppIcon;
				ASSETCATALOG_COMPILER_GLOBAL_ACCENT_COLOR_NAME = AccentColor;
				CODE_SIGN_STYLE = Automatic;
				CURRENT_PROJECT_VERSION = 1;
				DEVELOPMENT_TEAM = LA7JHQGX5M;
				GENERATE_INFOPLIST_FILE = YES;
				INFOPLIST_FILE = iTunes/Info.plist;
				INFOPLIST_KEY_CFBundleDisplayName = iTunes;
				INFOPLIST_KEY_UIApplicationSupportsIndirectInputEvents = YES;
				INFOPLIST_KEY_UILaunchStoryboardName = LaunchScreen;
				INFOPLIST_KEY_UIMainStoryboardFile = Main;
				INFOPLIST_KEY_UISupportedInterfaceOrientations = "";
				INFOPLIST_KEY_UISupportedInterfaceOrientations_iPad = "UIInterfaceOrientationPortrait UIInterfaceOrientationPortraitUpsideDown UIInterfaceOrientationLandscapeLeft UIInterfaceOrientationLandscapeRight";
				INFOPLIST_KEY_UISupportedInterfaceOrientations_iPhone = "UIInterfaceOrientationPortrait UIInterfaceOrientationLandscapeLeft UIInterfaceOrientationLandscapeRight";
				LD_RUNPATH_SEARCH_PATHS = (
					"$(inherited)",
					"@executable_path/Frameworks",
				);
				MARKETING_VERSION = 1.0;
				PRODUCT_BUNDLE_IDENTIFIER = com.vironit.Satsukevich.MyFinalSwiftProject;
				PRODUCT_NAME = "$(TARGET_NAME)";
				SWIFT_EMIT_LOC_STRINGS = YES;
				SWIFT_VERSION = 5.0;
				TARGETED_DEVICE_FAMILY = 1;
			};
			name = Release;
		};
/* End XCBuildConfiguration section */

/* Begin XCConfigurationList section */
		53961C5D289B8C970091B7A7 /* Build configuration list for PBXProject "iTunes" */ = {
			isa = XCConfigurationList;
			buildConfigurations = (
				53961C74289B8C990091B7A7 /* Debug */,
				53961C75289B8C990091B7A7 /* Release */,
			);
			defaultConfigurationIsVisible = 0;
			defaultConfigurationName = Release;
		};
		53961C76289B8C990091B7A7 /* Build configuration list for PBXNativeTarget "iTunes" */ = {
			isa = XCConfigurationList;
			buildConfigurations = (
				53961C77289B8C990091B7A7 /* Debug */,
				53961C78289B8C990091B7A7 /* Release */,
			);
			defaultConfigurationIsVisible = 0;
			defaultConfigurationName = Release;
		};
/* End XCConfigurationList section */

/* Begin XCVersionGroup section */
		53553AC928C2170B003B37B3 /* FavoriteTracks.xcdatamodeld */ = {
			isa = XCVersionGroup;
			children = (
				53553ACA28C2170B003B37B3 /* FavoriteTracks.xcdatamodel */,
			);
			currentVersion = 53553ACA28C2170B003B37B3 /* FavoriteTracks.xcdatamodel */;
			path = FavoriteTracks.xcdatamodeld;
			sourceTree = "<group>";
			versionGroupType = wrapper.xcdatamodel;
		};
/* End XCVersionGroup section */
	};
	rootObject = 53961C5A289B8C970091B7A7 /* Project object */;
}
